// !$*UTF8*$!
{
	archiveVersion = 1;
	classes = {
	};
	objectVersion = 46;
	objects = {

/* Begin PBXBuildFile section */
		452F39801E6452EF00084F94 /* AppDelegate.swift in Sources */ = {isa = PBXBuildFile; fileRef = 452F397F1E6452EF00084F94 /* AppDelegate.swift */; };
		452F39821E6452EF00084F94 /* ViewController.swift in Sources */ = {isa = PBXBuildFile; fileRef = 452F39811E6452EF00084F94 /* ViewController.swift */; };
		452F39851E6452EF00084F94 /* Main.storyboard in Resources */ = {isa = PBXBuildFile; fileRef = 452F39831E6452EF00084F94 /* Main.storyboard */; };
		452F39871E6452EF00084F94 /* Assets.xcassets in Resources */ = {isa = PBXBuildFile; fileRef = 452F39861E6452EF00084F94 /* Assets.xcassets */; };
		452F398A1E6452EF00084F94 /* LaunchScreen.storyboard in Resources */ = {isa = PBXBuildFile; fileRef = 452F39881E6452EF00084F94 /* LaunchScreen.storyboard */; };
/* End PBXBuildFile section */

/* Begin PBXFileReference section */
		452F397C1E6452EF00084F94 /* LayerMask.app */ = {isa = PBXFileReference; explicitFileType = wrapper.application; includeInIndex = 0; path = LayerMask.app; sourceTree = BUILT_PRODUCTS_DIR; };
		452F397F1E6452EF00084F94 /* AppDelegate.swift */ = {isa = PBXFileReference; lastKnownFileType = sourcecode.swift; path = AppDelegate.swift; sourceTree = "<group>"; };
		452F39811E6452EF00084F94 /* ViewController.swift */ = {isa = PBXFileReference; lastKnownFileType = sourcecode.swift; path = ViewController.swift; sourceTree = "<group>"; };
		452F39841E6452EF00084F94 /* Base */ = {isa = PBXFileReference; lastKnownFileType = file.storyboard; name = Base; path = Base.lproj/Main.storyboard; sourceTree = "<group>"; };
		452F39861E6452EF00084F94 /* Assets.xcassets */ = {isa = PBXFileReference; lastKnownFileType = folder.assetcatalog; path = Assets.xcassets; sourceTree = "<group>"; };
		452F39891E6452EF00084F94 /* Base */ = {isa = PBXFileReference; lastKnownFileType = file.storyboard; name = Base; path = Base.lproj/LaunchScreen.storyboard; sourceTree = "<group>"; };
		452F398B1E6452EF00084F94 /* Info.plist */ = {isa = PBXFileReference; lastKnownFileType = text.plist.xml; path = Info.plist; sourceTree = "<group>"; };
/* End PBXFileReference section */

/* Begin PBXFrameworksBuildPhase section */
		452F39791E6452EF00084F94 /* Frameworks */ = {
			isa = PBXFrameworksBuildPhase;
			buildActionMask = 2147483647;
			files = (
			);
			runOnlyForDeploymentPostprocessing = 0;
		};
/* End PBXFrameworksBuildPhase section */

/* Begin PBXGroup section */
		452F39731E6452EF00084F94 = {
			isa = PBXGroup;
			children = (
				452F397E1E6452EF00084F94 /* LayerMask */,
				452F397D1E6452EF00084F94 /* Products */,
			);
			sourceTree = "<group>";
		};
		452F397D1E6452EF00084F94 /* Products */ = {
			isa = PBXGroup;
			children = (
				452F397C1E6452EF00084F94 /* LayerMask.app */,
			);
			name = Products;
			sourceTree = "<group>";
		};
		452F397E1E6452EF00084F94 /* LayerMask */ = {
			isa = PBXGroup;
			children = (
				452F397F1E6452EF00084F94 /* AppDelegate.swift */,
				452F39811E6452EF00084F94 /* ViewController.swift */,
				452F39831E6452EF00084F94 /* Main.storyboard */,
				452F39861E6452EF00084F94 /* Assets.xcassets */,
				452F39881E6452EF00084F94 /* LaunchScreen.storyboard */,
				452F398B1E6452EF00084F94 /* Info.plist */,
			);
			path = LayerMask;
			sourceTree = "<group>";
		};
/* End PBXGroup section */

/* Begin PBXNativeTarget section */
		452F397B1E6452EF00084F94 /* LayerMask */ = {
			isa = PBXNativeTarget;
			buildConfigurationList = 452F398E1E6452EF00084F94 /* Build configuration list for PBXNativeTarget "LayerMask" */;
			buildPhases = (
				452F39781E6452EF00084F94 /* Sources */,
				452F39791E6452EF00084F94 /* Frameworks */,
				452F397A1E6452EF00084F94 /* Resources */,
			);
			buildRules = (
			);
			dependencies = (
			);
			name = LayerMask;
			productName = LayerMask;
			productReference = 452F397C1E6452EF00084F94 /* LayerMask.app */;
			productType = "com.apple.product-type.application";
		};
/* End PBXNativeTarget section */

/* Begin PBXProject section */
		452F39741E6452EF00084F94 /* Project object */ = {
			isa = PBXProject;
			attributes = {
				LastSwiftUpdateCheck = 0820;
				LastUpgradeCheck = 0820;
				ORGANIZATIONNAME = Examples;
				TargetAttributes = {
					452F397B1E6452EF00084F94 = {
						CreatedOnToolsVersion = 8.2.1;
						ProvisioningStyle = Automatic;
					};
				};
			};
			buildConfigurationList = 452F39771E6452EF00084F94 /* Build configuration list for PBXProject "LayerMask" */;
			compatibilityVersion = "Xcode 3.2";
			developmentRegion = English;
			hasScannedForEncodings = 0;
			knownRegions = (
				en,
				Base,
			);
			mainGroup = 452F39731E6452EF00084F94;
			productRefGroup = 452F397D1E6452EF00084F94 /* Products */;
			projectDirPath = "";
			projectRoot = "";
			targets = (
				452F397B1E6452EF00084F94 /* LayerMask */,
			);
		};
/* End PBXProject section */

/* Begin PBXResourcesBuildPhase section */
		452F397A1E6452EF00084F94 /* Resources */ = {
			isa = PBXResourcesBuildPhase;
			buildActionMask = 2147483647;
			files = (
				452F398A1E6452EF00084F94 /* LaunchScreen.storyboard in Resources */,
				452F39871E6452EF00084F94 /* Assets.xcassets in Resources */,
				452F39851E6452EF00084F94 /* Main.storyboard in Resources */,
			);
			runOnlyForDeploymentPostprocessing = 0;
		};
/* End PBXResourcesBuildPhase section */

/* Begin PBXSourcesBuildPhase section */
		452F39781E6452EF00084F94 /* Sources */ = {
			isa = PBXSourcesBuildPhase;
			buildActionMask = 2147483647;
			files = (
				452F39821E6452EF00084F94 /* ViewController.swift in Sources */,
				452F39801E6452EF00084F94 /* AppDelegate.swift in Sources */,
			);
			runOnlyForDeploymentPostprocessing = 0;
		};
/* End PBXSourcesBuildPhase section */

/* Begin PBXVariantGroup section */
		452F39831E6452EF00084F94 /* Main.storyboard */ = {
			isa = PBXVariantGroup;
			children = (
				452F39841E6452EF00084F94 /* Base */,
			);
			name = Main.storyboard;
			sourceTree = "<group>";
		};
		452F39881E6452EF00084F94 /* LaunchScreen.storyboard */ = {
			isa = PBXVariantGroup;
			children = (
				452F39891E6452EF00084F94 /* Base */,
			);
			name = LaunchScreen.storyboard;
			sourceTree = "<group>";
		};
/* End PBXVariantGroup section */

/* Begin XCBuildConfiguration section */
		452F398C1E6452EF00084F94 /* Debug */ = {
			isa = XCBuildConfiguration;
			buildSettings = {
				ALWAYS_SEARCH_USER_PATHS = NO;
				CLANG_ANALYZER_NONNULL = YES;
				CLANG_CXX_LANGUAGE_STANDARD = "gnu++0x";
				CLANG_CXX_LIBRARY = "libc++";
				CLANG_ENABLE_MODULES = YES;
				CLANG_ENABLE_OBJC_ARC = YES;
				CLANG_WARN_BOOL_CONVERSION = YES;
				CLANG_WARN_CONSTANT_CONVERSION = YES;
				CLANG_WARN_DIRECT_OBJC_ISA_USAGE = YES_ERROR;
				CLANG_WARN_DOCUMENTATION_COMMENTS = YES;
				CLANG_WARN_EMPTY_BODY = YES;
				CLANG_WARN_ENUM_CONVERSION = YES;
				CLANG_WARN_INFINITE_RECURSION = YES;
				CLANG_WARN_INT_CONVERSION = YES;
				CLANG_WARN_OBJC_ROOT_CLASS = YES_ERROR;
				CLANG_WARN_SUSPICIOUS_MOVE = YES;
				CLANG_WARN_UNREACHABLE_CODE = YES;
				CLANG_WARN__DUPLICATE_METHOD_MATCH = YES;
				"CODE_SIGN_IDENTITY[sdk=iphoneos*]" = "iPhone Developer";
				COPY_PHASE_STRIP = NO;
				DEBUG_INFORMATION_FORMAT = dwarf;
				ENABLE_STRICT_OBJC_MSGSEND = YES;
				ENABLE_TESTABILITY = YES;
				GCC_C_LANGUAGE_STANDARD = gnu99;
				GCC_DYNAMIC_NO_PIC = NO;
				GCC_NO_COMMON_BLOCKS = YES;
				GCC_OPTIMIZATION_LEVEL = 0;
				GCC_PREPROCESSOR_DEFINITIONS = (
					"DEBUG=1",
					"$(inherited)",
				);
				GCC_WARN_64_TO_32_BIT_CONVERSION = YES;
				GCC_WARN_ABOUT_RETURN_TYPE = YES_ERROR;
				GCC_WARN_UNDECLARED_SELECTOR = YES;
				GCC_WARN_UNINITIALIZED_AUTOS = YES_AGGRESSIVE;
				GCC_WARN_UNUSED_FUNCTION = YES;
				GCC_WARN_UNUSED_VARIABLE = YES;
				IPHONEOS_DEPLOYMENT_TARGET = 10.2;
				MTL_ENABLE_DEBUG_INFO = YES;
				ONLY_ACTIVE_ARCH = YES;
				SDKROOT = iphoneos;
				SWIFT_ACTIVE_COMPILATION_CONDITIONS = DEBUG;
				SWIFT_OPTIMIZATION_LEVEL = "-Onone";
				TARGETED_DEVICE_FAMILY = "1,2";
			};
			name = Debug;
		};
		452F398D1E6452EF00084F94 /* Release */ = {
			isa = XCBuildConfiguration;
			buildSettings = {
				ALWAYS_SEARCH_USER_PATHS = NO;
				CLANG_ANALYZER_NONNULL = YES;
				CLANG_CXX_LANGUAGE_STANDARD = "gnu++0x";
				CLANG_CXX_LIBRARY = "libc++";
				CLANG_ENABLE_MODULES = YES;
				CLANG_ENABLE_OBJC_ARC = YES;
				CLANG_WARN_BOOL_CONVERSION = YES;
				CLANG_WARN_CONSTANT_CONVERSION = YES;
				CLANG_WARN_DIRECT_OBJC_ISA_USAGE = YES_ERROR;
				CLANG_WARN_DOCUMENTATION_COMMENTS = YES;
				CLANG_WARN_EMPTY_BODY = YES;
				CLANG_WARN_ENUM_CONVERSION = YES;
				CLANG_WARN_INFINITE_RECURSION = YES;
				CLANG_WARN_INT_CONVERSION = YES;
				CLANG_WARN_OBJC_ROOT_CLASS = YES_ERROR;
				CLANG_WARN_SUSPICIOUS_MOVE = YES;
				CLANG_WARN_UNREACHABLE_CODE = YES;
				CLANG_WARN__DUPLICATE_METHOD_MATCH = YES;
				"CODE_SIGN_IDENTITY[sdk=iphoneos*]" = "iPhone Developer";
				COPY_PHASE_STRIP = NO;
				DEBUG_INFORMATION_FORMAT = "dwarf-with-dsym";
				ENABLE_NS_ASSERTIONS = NO;
				ENABLE_STRICT_OBJC_MSGSEND = YES;
				GCC_C_LANGUAGE_STANDARD = gnu99;
				GCC_NO_COMMON_BLOCKS = YES;
				GCC_WARN_64_TO_32_BIT_CONVERSION = YES;
				GCC_WARN_ABOUT_RETURN_TYPE = YES_ERROR;
				GCC_WARN_UNDECLARED_SELECTOR = YES;
				GCC_WARN_UNINITIALIZED_AUTOS = YES_AGGRESSIVE;
				GCC_WARN_UNUSED_FUNCTION = YES;
				GCC_WARN_UNUSED_VARIABLE = YES;
				IPHONEOS_DEPLOYMENT_TARGET = 10.2;
				MTL_ENABLE_DEBUG_INFO = NO;
				SDKROOT = iphoneos;
				SWIFT_OPTIMIZATION_LEVEL = "-Owholemodule";
				TARGETED_DEVICE_FAMILY = "1,2";
				VALIDATE_PRODUCT = YES;
			};
			name = Release;
		};
		452F398F1E6452EF00084F94 /* Debug */ = {
			isa = XCBuildConfiguration;
			buildSettings = {
				ASSETCATALOG_COMPILER_APPICON_NAME = AppIcon;
				INFOPLIST_FILE = LayerMask/Info.plist;
				LD_RUNPATH_SEARCH_PATHS = "$(inherited) @executable_path/Frameworks";
				PRODUCT_BUNDLE_IDENTIFIER = example.LayerMask;
				PRODUCT_NAME = "$(TARGET_NAME)";
				SWIFT_VERSION = 3.0;
			};
			name = Debug;
		};
		452F39901E6452EF00084F94 /* Release */ = {
			isa = XCBuildConfiguration;
			buildSettings = {
				ASSETCATALOG_COMPILER_APPICON_NAME = AppIcon;
				INFOPLIST_FILE = LayerMask/Info.plist;
				LD_RUNPATH_SEARCH_PATHS = "$(inherited) @executable_path/Frameworks";
				PRODUCT_BUNDLE_IDENTIFIER = example.LayerMask;
				PRODUCT_NAME = "$(TARGET_NAME)";
				SWIFT_VERSION = 3.0;
			};
			name = Release;
		};
/* End XCBuildConfiguration section */

/* Begin XCConfigurationList section */
		452F39771E6452EF00084F94 /* Build configuration list for PBXProject "LayerMask" */ = {
			isa = XCConfigurationList;
			buildConfigurations = (
				452F398C1E6452EF00084F94 /* Debug */,
				452F398D1E6452EF00084F94 /* Release */,
			);
			defaultConfigurationIsVisible = 0;
			defaultConfigurationName = Release;
		};
		452F398E1E6452EF00084F94 /* Build configuration list for PBXNativeTarget "LayerMask" */ = {
			isa = XCConfigurationList;
			buildConfigurations = (
				452F398F1E6452EF00084F94 /* Debug */,
				452F39901E6452EF00084F94 /* Release */,
			);
			defaultConfigurationIsVisible = 0;
		};
/* End XCConfigurationList section */
	};
	rootObject = 452F39741E6452EF00084F94 /* Project object */;
}
